// !$*UTF8*$!
{
	archiveVersion = 1;
	classes = {
	};
	objectVersion = 46;
	objects = {

/* Begin PBXBuildFile section */
		4B5F288D14B5DA4C00507B6F /* NSArray+Atipik.m in Sources */ = {isa = PBXBuildFile; fileRef = 4B5F288C14B5DA4C00507B6F /* NSArray+Atipik.m */; };
		4B5F289114B5DC1D00507B6F /* NSMutableArray+Atipik.m in Sources */ = {isa = PBXBuildFile; fileRef = 4B5F289014B5DC1D00507B6F /* NSMutableArray+Atipik.m */; };
		4BA24E0C14B46A7C005AB614 /* NSString+Atipik.m in Sources */ = {isa = PBXBuildFile; fileRef = 4BA24E0B14B46A7C005AB614 /* NSString+Atipik.m */; };
		4BF7C11C14B36B7600EA8786 /* UIKit.framework in Frameworks */ = {isa = PBXBuildFile; fileRef = 4BF7C11B14B36B7600EA8786 /* UIKit.framework */; };
		4BF7C11E14B36B7600EA8786 /* Foundation.framework in Frameworks */ = {isa = PBXBuildFile; fileRef = 4BF7C11D14B36B7600EA8786 /* Foundation.framework */; };
		4BF7C12014B36B7600EA8786 /* CoreGraphics.framework in Frameworks */ = {isa = PBXBuildFile; fileRef = 4BF7C11F14B36B7600EA8786 /* CoreGraphics.framework */; };
		4BF7C12614B36B7600EA8786 /* InfoPlist.strings in Resources */ = {isa = PBXBuildFile; fileRef = 4BF7C12414B36B7600EA8786 /* InfoPlist.strings */; };
		4BF7C12814B36B7600EA8786 /* main.m in Sources */ = {isa = PBXBuildFile; fileRef = 4BF7C12714B36B7600EA8786 /* main.m */; };
		4BF7C12C14B36B7600EA8786 /* AppDelegate.m in Sources */ = {isa = PBXBuildFile; fileRef = 4BF7C12B14B36B7600EA8786 /* AppDelegate.m */; };
		4BF7C12F14B36B7600EA8786 /* ViewController.m in Sources */ = {isa = PBXBuildFile; fileRef = 4BF7C12E14B36B7600EA8786 /* ViewController.m */; };
		4BF7C13214B36B7600EA8786 /* ViewController_iPhone.xib in Resources */ = {isa = PBXBuildFile; fileRef = 4BF7C13014B36B7600EA8786 /* ViewController_iPhone.xib */; };
		4BF7C13514B36B7600EA8786 /* ViewController_iPad.xib in Resources */ = {isa = PBXBuildFile; fileRef = 4BF7C13314B36B7600EA8786 /* ViewController_iPad.xib */; };
		4BF7C13D14B36B7600EA8786 /* SenTestingKit.framework in Frameworks */ = {isa = PBXBuildFile; fileRef = 4BF7C13C14B36B7600EA8786 /* SenTestingKit.framework */; };
		4BF7C13E14B36B7600EA8786 /* UIKit.framework in Frameworks */ = {isa = PBXBuildFile; fileRef = 4BF7C11B14B36B7600EA8786 /* UIKit.framework */; };
		4BF7C13F14B36B7600EA8786 /* Foundation.framework in Frameworks */ = {isa = PBXBuildFile; fileRef = 4BF7C11D14B36B7600EA8786 /* Foundation.framework */; };
		4BF7C14714B36B7600EA8786 /* InfoPlist.strings in Resources */ = {isa = PBXBuildFile; fileRef = 4BF7C14514B36B7600EA8786 /* InfoPlist.strings */; };
		4BF7C14A14B36B7600EA8786 /* RruleParserTests.m in Sources */ = {isa = PBXBuildFile; fileRef = 4BF7C14914B36B7600EA8786 /* RruleParserTests.m */; };
		4BF7C15514B36BDB00EA8786 /* Scheduler.m in Sources */ = {isa = PBXBuildFile; fileRef = 4BF7C15414B36BDB00EA8786 /* Scheduler.m */; };
/* End PBXBuildFile section */

/* Begin PBXContainerItemProxy section */
		4BF7C14014B36B7600EA8786 /* PBXContainerItemProxy */ = {
			isa = PBXContainerItemProxy;
			containerPortal = 4BF7C10E14B36B7400EA8786 /* Project object */;
			proxyType = 1;
			remoteGlobalIDString = 4BF7C11614B36B7600EA8786;
			remoteInfo = RruleParser;
		};
/* End PBXContainerItemProxy section */

/* Begin PBXFileReference section */
		4B5F288B14B5DA4C00507B6F /* NSArray+Atipik.h */ = {isa = PBXFileReference; fileEncoding = 4; lastKnownFileType = sourcecode.c.h; path = "NSArray+Atipik.h"; sourceTree = "<group>"; };
		4B5F288C14B5DA4C00507B6F /* NSArray+Atipik.m */ = {isa = PBXFileReference; fileEncoding = 4; lastKnownFileType = sourcecode.c.objc; path = "NSArray+Atipik.m"; sourceTree = "<group>"; };
		4B5F288F14B5DC1D00507B6F /* NSMutableArray+Atipik.h */ = {isa = PBXFileReference; fileEncoding = 4; lastKnownFileType = sourcecode.c.h; path = "NSMutableArray+Atipik.h"; sourceTree = "<group>"; };
		4B5F289014B5DC1D00507B6F /* NSMutableArray+Atipik.m */ = {isa = PBXFileReference; fileEncoding = 4; lastKnownFileType = sourcecode.c.objc; path = "NSMutableArray+Atipik.m"; sourceTree = "<group>"; };
		4BA24E0A14B46A7C005AB614 /* NSString+Atipik.h */ = {isa = PBXFileReference; fileEncoding = 4; lastKnownFileType = sourcecode.c.h; path = "NSString+Atipik.h"; sourceTree = "<group>"; };
		4BA24E0B14B46A7C005AB614 /* NSString+Atipik.m */ = {isa = PBXFileReference; fileEncoding = 4; lastKnownFileType = sourcecode.c.objc; path = "NSString+Atipik.m"; sourceTree = "<group>"; };
		4BF7C11714B36B7600EA8786 /* RruleParser.app */ = {isa = PBXFileReference; explicitFileType = wrapper.application; includeInIndex = 0; path = RruleParser.app; sourceTree = BUILT_PRODUCTS_DIR; };
		4BF7C11B14B36B7600EA8786 /* UIKit.framework */ = {isa = PBXFileReference; lastKnownFileType = wrapper.framework; name = UIKit.framework; path = System/Library/Frameworks/UIKit.framework; sourceTree = SDKROOT; };
		4BF7C11D14B36B7600EA8786 /* Foundation.framework */ = {isa = PBXFileReference; lastKnownFileType = wrapper.framework; name = Foundation.framework; path = System/Library/Frameworks/Foundation.framework; sourceTree = SDKROOT; };
		4BF7C11F14B36B7600EA8786 /* CoreGraphics.framework */ = {isa = PBXFileReference; lastKnownFileType = wrapper.framework; name = CoreGraphics.framework; path = System/Library/Frameworks/CoreGraphics.framework; sourceTree = SDKROOT; };
		4BF7C12314B36B7600EA8786 /* RruleParser-Info.plist */ = {isa = PBXFileReference; lastKnownFileType = text.plist.xml; path = "RruleParser-Info.plist"; sourceTree = "<group>"; };
		4BF7C12514B36B7600EA8786 /* en */ = {isa = PBXFileReference; lastKnownFileType = text.plist.strings; name = en; path = en.lproj/InfoPlist.strings; sourceTree = "<group>"; };
		4BF7C12714B36B7600EA8786 /* main.m */ = {isa = PBXFileReference; lastKnownFileType = sourcecode.c.objc; path = main.m; sourceTree = "<group>"; };
		4BF7C12914B36B7600EA8786 /* RruleParser-Prefix.pch */ = {isa = PBXFileReference; lastKnownFileType = sourcecode.c.h; path = "RruleParser-Prefix.pch"; sourceTree = "<group>"; };
		4BF7C12A14B36B7600EA8786 /* AppDelegate.h */ = {isa = PBXFileReference; lastKnownFileType = sourcecode.c.h; path = AppDelegate.h; sourceTree = "<group>"; };
		4BF7C12B14B36B7600EA8786 /* AppDelegate.m */ = {isa = PBXFileReference; lastKnownFileType = sourcecode.c.objc; path = AppDelegate.m; sourceTree = "<group>"; };
		4BF7C12D14B36B7600EA8786 /* ViewController.h */ = {isa = PBXFileReference; lastKnownFileType = sourcecode.c.h; path = ViewController.h; sourceTree = "<group>"; };
		4BF7C12E14B36B7600EA8786 /* ViewController.m */ = {isa = PBXFileReference; lastKnownFileType = sourcecode.c.objc; path = ViewController.m; sourceTree = "<group>"; };
		4BF7C13114B36B7600EA8786 /* en */ = {isa = PBXFileReference; lastKnownFileType = file.xib; name = en; path = en.lproj/ViewController_iPhone.xib; sourceTree = "<group>"; };
		4BF7C13414B36B7600EA8786 /* en */ = {isa = PBXFileReference; lastKnownFileType = file.xib; name = en; path = en.lproj/ViewController_iPad.xib; sourceTree = "<group>"; };
		4BF7C13B14B36B7600EA8786 /* RruleParserTests.octest */ = {isa = PBXFileReference; explicitFileType = wrapper.cfbundle; includeInIndex = 0; path = RruleParserTests.octest; sourceTree = BUILT_PRODUCTS_DIR; };
		4BF7C13C14B36B7600EA8786 /* SenTestingKit.framework */ = {isa = PBXFileReference; lastKnownFileType = wrapper.framework; name = SenTestingKit.framework; path = Library/Frameworks/SenTestingKit.framework; sourceTree = DEVELOPER_DIR; };
		4BF7C14414B36B7600EA8786 /* RruleParserTests-Info.plist */ = {isa = PBXFileReference; lastKnownFileType = text.plist.xml; path = "RruleParserTests-Info.plist"; sourceTree = "<group>"; };
		4BF7C14614B36B7600EA8786 /* en */ = {isa = PBXFileReference; lastKnownFileType = text.plist.strings; name = en; path = en.lproj/InfoPlist.strings; sourceTree = "<group>"; };
		4BF7C14814B36B7600EA8786 /* RruleParserTests.h */ = {isa = PBXFileReference; lastKnownFileType = sourcecode.c.h; path = RruleParserTests.h; sourceTree = "<group>"; };
		4BF7C14914B36B7600EA8786 /* RruleParserTests.m */ = {isa = PBXFileReference; lastKnownFileType = sourcecode.c.objc; path = RruleParserTests.m; sourceTree = "<group>"; };
		4BF7C15314B36BDB00EA8786 /* Scheduler.h */ = {isa = PBXFileReference; fileEncoding = 4; lastKnownFileType = sourcecode.c.h; path = Scheduler.h; sourceTree = "<group>"; };
		4BF7C15414B36BDB00EA8786 /* Scheduler.m */ = {isa = PBXFileReference; fileEncoding = 4; lastKnownFileType = sourcecode.c.objc; path = Scheduler.m; sourceTree = "<group>"; };
/* End PBXFileReference section */

/* Begin PBXFrameworksBuildPhase section */
		4BF7C11414B36B7600EA8786 /* Frameworks */ = {
			isa = PBXFrameworksBuildPhase;
			buildActionMask = 2147483647;
			files = (
				4BF7C11C14B36B7600EA8786 /* UIKit.framework in Frameworks */,
				4BF7C11E14B36B7600EA8786 /* Foundation.framework in Frameworks */,
				4BF7C12014B36B7600EA8786 /* CoreGraphics.framework in Frameworks */,
			);
			runOnlyForDeploymentPostprocessing = 0;
		};
		4BF7C13714B36B7600EA8786 /* Frameworks */ = {
			isa = PBXFrameworksBuildPhase;
			buildActionMask = 2147483647;
			files = (
				4BF7C13D14B36B7600EA8786 /* SenTestingKit.framework in Frameworks */,
				4BF7C13E14B36B7600EA8786 /* UIKit.framework in Frameworks */,
				4BF7C13F14B36B7600EA8786 /* Foundation.framework in Frameworks */,
			);
			runOnlyForDeploymentPostprocessing = 0;
		};
/* End PBXFrameworksBuildPhase section */

/* Begin PBXGroup section */
		4BF7C10C14B36B7400EA8786 = {
			isa = PBXGroup;
			children = (
				4BA24E0A14B46A7C005AB614 /* NSString+Atipik.h */,
				4BA24E0B14B46A7C005AB614 /* NSString+Atipik.m */,
				4B5F288B14B5DA4C00507B6F /* NSArray+Atipik.h */,
				4B5F288C14B5DA4C00507B6F /* NSArray+Atipik.m */,
				4B5F288F14B5DC1D00507B6F /* NSMutableArray+Atipik.h */,
				4B5F289014B5DC1D00507B6F /* NSMutableArray+Atipik.m */,
				4BF7C12114B36B7600EA8786 /* RruleParser */,
				4BF7C14214B36B7600EA8786 /* RruleParserTests */,
				4BF7C11A14B36B7600EA8786 /* Frameworks */,
				4BF7C11814B36B7600EA8786 /* Products */,
			);
			sourceTree = "<group>";
		};
		4BF7C11814B36B7600EA8786 /* Products */ = {
			isa = PBXGroup;
			children = (
				4BF7C11714B36B7600EA8786 /* RruleParser.app */,
				4BF7C13B14B36B7600EA8786 /* RruleParserTests.octest */,
			);
			name = Products;
			sourceTree = "<group>";
		};
		4BF7C11A14B36B7600EA8786 /* Frameworks */ = {
			isa = PBXGroup;
			children = (
				4BF7C11B14B36B7600EA8786 /* UIKit.framework */,
				4BF7C11D14B36B7600EA8786 /* Foundation.framework */,
				4BF7C11F14B36B7600EA8786 /* CoreGraphics.framework */,
				4BF7C13C14B36B7600EA8786 /* SenTestingKit.framework */,
			);
			name = Frameworks;
			sourceTree = "<group>";
		};
		4BF7C12114B36B7600EA8786 /* RruleParser */ = {
			isa = PBXGroup;
			children = (
				4BF7C12A14B36B7600EA8786 /* AppDelegate.h */,
				4BF7C12B14B36B7600EA8786 /* AppDelegate.m */,
				4BF7C12D14B36B7600EA8786 /* ViewController.h */,
				4BF7C12E14B36B7600EA8786 /* ViewController.m */,
				4BF7C13014B36B7600EA8786 /* ViewController_iPhone.xib */,
				4BF7C13314B36B7600EA8786 /* ViewController_iPad.xib */,
				4BF7C12214B36B7600EA8786 /* Supporting Files */,
				4BF7C15314B36BDB00EA8786 /* Scheduler.h */,
				4BF7C15414B36BDB00EA8786 /* Scheduler.m */,
			);
			path = RruleParser;
			sourceTree = "<group>";
		};
		4BF7C12214B36B7600EA8786 /* Supporting Files */ = {
			isa = PBXGroup;
			children = (
				4BF7C12314B36B7600EA8786 /* RruleParser-Info.plist */,
				4BF7C12414B36B7600EA8786 /* InfoPlist.strings */,
				4BF7C12714B36B7600EA8786 /* main.m */,
				4BF7C12914B36B7600EA8786 /* RruleParser-Prefix.pch */,
			);
			name = "Supporting Files";
			sourceTree = "<group>";
		};
		4BF7C14214B36B7600EA8786 /* RruleParserTests */ = {
			isa = PBXGroup;
			children = (
				4BF7C14814B36B7600EA8786 /* RruleParserTests.h */,
				4BF7C14914B36B7600EA8786 /* RruleParserTests.m */,
				4BF7C14314B36B7600EA8786 /* Supporting Files */,
			);
			path = RruleParserTests;
			sourceTree = "<group>";
		};
		4BF7C14314B36B7600EA8786 /* Supporting Files */ = {
			isa = PBXGroup;
			children = (
				4BF7C14414B36B7600EA8786 /* RruleParserTests-Info.plist */,
				4BF7C14514B36B7600EA8786 /* InfoPlist.strings */,
			);
			name = "Supporting Files";
			sourceTree = "<group>";
		};
/* End PBXGroup section */

/* Begin PBXNativeTarget section */
		4BF7C11614B36B7600EA8786 /* RruleParser */ = {
			isa = PBXNativeTarget;
			buildConfigurationList = 4BF7C14D14B36B7600EA8786 /* Build configuration list for PBXNativeTarget "RruleParser" */;
			buildPhases = (
				4BF7C11314B36B7600EA8786 /* Sources */,
				4BF7C11414B36B7600EA8786 /* Frameworks */,
				4BF7C11514B36B7600EA8786 /* Resources */,
			);
			buildRules = (
			);
			dependencies = (
			);
			name = RruleParser;
			productName = RruleParser;
			productReference = 4BF7C11714B36B7600EA8786 /* RruleParser.app */;
			productType = "com.apple.product-type.application";
		};
		4BF7C13A14B36B7600EA8786 /* RruleParserTests */ = {
			isa = PBXNativeTarget;
			buildConfigurationList = 4BF7C15014B36B7600EA8786 /* Build configuration list for PBXNativeTarget "RruleParserTests" */;
			buildPhases = (
				4BF7C13614B36B7600EA8786 /* Sources */,
				4BF7C13714B36B7600EA8786 /* Frameworks */,
				4BF7C13814B36B7600EA8786 /* Resources */,
				4BF7C13914B36B7600EA8786 /* ShellScript */,
			);
			buildRules = (
			);
			dependencies = (
				4BF7C14114B36B7600EA8786 /* PBXTargetDependency */,
			);
			name = RruleParserTests;
			productName = RruleParserTests;
			productReference = 4BF7C13B14B36B7600EA8786 /* RruleParserTests.octest */;
			productType = "com.apple.product-type.bundle";
		};
/* End PBXNativeTarget section */

/* Begin PBXProject section */
		4BF7C10E14B36B7400EA8786 /* Project object */ = {
			isa = PBXProject;
			attributes = {
				LastUpgradeCheck = 0420;
				ORGANIZATIONNAME = "Atipik Sarl";
			};
			buildConfigurationList = 4BF7C11114B36B7400EA8786 /* Build configuration list for PBXProject "RruleParser" */;
			compatibilityVersion = "Xcode 3.2";
			developmentRegion = English;
			hasScannedForEncodings = 0;
			knownRegions = (
				en,
			);
			mainGroup = 4BF7C10C14B36B7400EA8786;
			productRefGroup = 4BF7C11814B36B7600EA8786 /* Products */;
			projectDirPath = "";
			projectRoot = "";
			targets = (
				4BF7C11614B36B7600EA8786 /* RruleParser */,
				4BF7C13A14B36B7600EA8786 /* RruleParserTests */,
			);
		};
/* End PBXProject section */

/* Begin PBXResourcesBuildPhase section */
		4BF7C11514B36B7600EA8786 /* Resources */ = {
			isa = PBXResourcesBuildPhase;
			buildActionMask = 2147483647;
			files = (
				4BF7C12614B36B7600EA8786 /* InfoPlist.strings in Resources */,
				4BF7C13214B36B7600EA8786 /* ViewController_iPhone.xib in Resources */,
				4BF7C13514B36B7600EA8786 /* ViewController_iPad.xib in Resources */,
			);
			runOnlyForDeploymentPostprocessing = 0;
		};
		4BF7C13814B36B7600EA8786 /* Resources */ = {
			isa = PBXResourcesBuildPhase;
			buildActionMask = 2147483647;
			files = (
				4BF7C14714B36B7600EA8786 /* InfoPlist.strings in Resources */,
			);
			runOnlyForDeploymentPostprocessing = 0;
		};
/* End PBXResourcesBuildPhase section */

/* Begin PBXShellScriptBuildPhase section */
		4BF7C13914B36B7600EA8786 /* ShellScript */ = {
			isa = PBXShellScriptBuildPhase;
			buildActionMask = 2147483647;
			files = (
			);
			inputPaths = (
			);
			outputPaths = (
			);
			runOnlyForDeploymentPostprocessing = 0;
			shellPath = /bin/sh;
			shellScript = "# Run the unit tests in this test bundle.\n\"${SYSTEM_DEVELOPER_DIR}/Tools/RunUnitTests\"\n";
		};
/* End PBXShellScriptBuildPhase section */

/* Begin PBXSourcesBuildPhase section */
		4BF7C11314B36B7600EA8786 /* Sources */ = {
			isa = PBXSourcesBuildPhase;
			buildActionMask = 2147483647;
			files = (
				4BF7C12814B36B7600EA8786 /* main.m in Sources */,
				4BF7C12C14B36B7600EA8786 /* AppDelegate.m in Sources */,
				4BF7C12F14B36B7600EA8786 /* ViewController.m in Sources */,
				4BF7C15514B36BDB00EA8786 /* Scheduler.m in Sources */,
				4BA24E0C14B46A7C005AB614 /* NSString+Atipik.m in Sources */,
				4B5F288D14B5DA4C00507B6F /* NSArray+Atipik.m in Sources */,
				4B5F289114B5DC1D00507B6F /* NSMutableArray+Atipik.m in Sources */,
			);
			runOnlyForDeploymentPostprocessing = 0;
		};
		4BF7C13614B36B7600EA8786 /* Sources */ = {
			isa = PBXSourcesBuildPhase;
			buildActionMask = 2147483647;
			files = (
				4BF7C14A14B36B7600EA8786 /* RruleParserTests.m in Sources */,
			);
			runOnlyForDeploymentPostprocessing = 0;
		};
/* End PBXSourcesBuildPhase section */

/* Begin PBXTargetDependency section */
		4BF7C14114B36B7600EA8786 /* PBXTargetDependency */ = {
			isa = PBXTargetDependency;
			target = 4BF7C11614B36B7600EA8786 /* RruleParser */;
			targetProxy = 4BF7C14014B36B7600EA8786 /* PBXContainerItemProxy */;
		};
/* End PBXTargetDependency section */

/* Begin PBXVariantGroup section */
		4BF7C12414B36B7600EA8786 /* InfoPlist.strings */ = {
			isa = PBXVariantGroup;
			children = (
				4BF7C12514B36B7600EA8786 /* en */,
			);
			name = InfoPlist.strings;
			sourceTree = "<group>";
		};
		4BF7C13014B36B7600EA8786 /* ViewController_iPhone.xib */ = {
			isa = PBXVariantGroup;
			children = (
				4BF7C13114B36B7600EA8786 /* en */,
			);
			name = ViewController_iPhone.xib;
			sourceTree = "<group>";
		};
		4BF7C13314B36B7600EA8786 /* ViewController_iPad.xib */ = {
			isa = PBXVariantGroup;
			children = (
				4BF7C13414B36B7600EA8786 /* en */,
			);
			name = ViewController_iPad.xib;
			sourceTree = "<group>";
		};
		4BF7C14514B36B7600EA8786 /* InfoPlist.strings */ = {
			isa = PBXVariantGroup;
			children = (
				4BF7C14614B36B7600EA8786 /* en */,
			);
			name = InfoPlist.strings;
			sourceTree = "<group>";
		};
/* End PBXVariantGroup section */

/* Begin XCBuildConfiguration section */
		4BF7C14B14B36B7600EA8786 /* Debug */ = {
			isa = XCBuildConfiguration;
			buildSettings = {
				ALWAYS_SEARCH_USER_PATHS = NO;
				ARCHS = "$(ARCHS_STANDARD_32_BIT)";
				"CODE_SIGN_IDENTITY[sdk=iphoneos*]" = "iPhone Developer";
				COPY_PHASE_STRIP = NO;
				GCC_C_LANGUAGE_STANDARD = gnu99;
				GCC_DYNAMIC_NO_PIC = NO;
				GCC_OPTIMIZATION_LEVEL = 0;
				GCC_PREPROCESSOR_DEFINITIONS = (
					"DEBUG=1",
					"$(inherited)",
				);
				GCC_SYMBOLS_PRIVATE_EXTERN = NO;
				GCC_VERSION = com.apple.compilers.llvm.clang.1_0;
				GCC_WARN_ABOUT_MISSING_PROTOTYPES = YES;
				GCC_WARN_ABOUT_RETURN_TYPE = YES;
				GCC_WARN_UNUSED_VARIABLE = YES;
				IPHONEOS_DEPLOYMENT_TARGET = 5.0;
				SDKROOT = iphoneos;
				TARGETED_DEVICE_FAMILY = "1,2";
			};
			name = Debug;
		};
		4BF7C14C14B36B7600EA8786 /* Release */ = {
			isa = XCBuildConfiguration;
			buildSettings = {
				ALWAYS_SEARCH_USER_PATHS = NO;
				ARCHS = "$(ARCHS_STANDARD_32_BIT)";
				"CODE_SIGN_IDENTITY[sdk=iphoneos*]" = "iPhone Developer";
				COPY_PHASE_STRIP = YES;
				GCC_C_LANGUAGE_STANDARD = gnu99;
				GCC_VERSION = com.apple.compilers.llvm.clang.1_0;
				GCC_WARN_ABOUT_MISSING_PROTOTYPES = YES;
				GCC_WARN_ABOUT_RETURN_TYPE = YES;
				GCC_WARN_UNUSED_VARIABLE = YES;
				IPHONEOS_DEPLOYMENT_TARGET = 5.0;
				OTHER_CFLAGS = "-DNS_BLOCK_ASSERTIONS=1";
				SDKROOT = iphoneos;
				TARGETED_DEVICE_FAMILY = "1,2";
				VALIDATE_PRODUCT = YES;
			};
			name = Release;
		};
		4BF7C14E14B36B7600EA8786 /* Debug */ = {
			isa = XCBuildConfiguration;
			buildSettings = {
				GCC_PRECOMPILE_PREFIX_HEADER = YES;
				GCC_PREFIX_HEADER = "RruleParser/RruleParser-Prefix.pch";
				INFOPLIST_FILE = "RruleParser/RruleParser-Info.plist";
				PRODUCT_NAME = "$(TARGET_NAME)";
				WRAPPER_EXTENSION = app;
			};
			name = Debug;
		};
		4BF7C14F14B36B7600EA8786 /* Release */ = {
			isa = XCBuildConfiguration;
			buildSettings = {
				GCC_PRECOMPILE_PREFIX_HEADER = YES;
				GCC_PREFIX_HEADER = "RruleParser/RruleParser-Prefix.pch";
				INFOPLIST_FILE = "RruleParser/RruleParser-Info.plist";
				PRODUCT_NAME = "$(TARGET_NAME)";
				WRAPPER_EXTENSION = app;
			};
			name = Release;
		};
		4BF7C15114B36B7600EA8786 /* Debug */ = {
			isa = XCBuildConfiguration;
			buildSettings = {
				BUNDLE_LOADER = "$(BUILT_PRODUCTS_DIR)/RruleParser.app/RruleParser";
				FRAMEWORK_SEARCH_PATHS = (
					"$(SDKROOT)/Developer/Library/Frameworks",
					"$(DEVELOPER_LIBRARY_DIR)/Frameworks",
				);
				GCC_PRECOMPILE_PREFIX_HEADER = YES;
				GCC_PREFIX_HEADER = "RruleParser/RruleParser-Prefix.pch";
				INFOPLIST_FILE = "RruleParserTests/RruleParserTests-Info.plist";
				PRODUCT_NAME = "$(TARGET_NAME)";
				TEST_HOST = "$(BUNDLE_LOADER)";
				WRAPPER_EXTENSION = octest;
			};
			name = Debug;
		};
		4BF7C15214B36B7600EA8786 /* Release */ = {
			isa = XCBuildConfiguration;
			buildSettings = {
				BUNDLE_LOADER = "$(BUILT_PRODUCTS_DIR)/RruleParser.app/RruleParser";
				FRAMEWORK_SEARCH_PATHS = (
					"$(SDKROOT)/Developer/Library/Frameworks",
					"$(DEVELOPER_LIBRARY_DIR)/Frameworks",
				);
				GCC_PRECOMPILE_PREFIX_HEADER = YES;
				GCC_PREFIX_HEADER = "RruleParser/RruleParser-Prefix.pch";
				INFOPLIST_FILE = "RruleParserTests/RruleParserTests-Info.plist";
				PRODUCT_NAME = "$(TARGET_NAME)";
				TEST_HOST = "$(BUNDLE_LOADER)";
				WRAPPER_EXTENSION = octest;
			};
			name = Release;
		};
/* End XCBuildConfiguration section */

/* Begin XCConfigurationList section */
		4BF7C11114B36B7400EA8786 /* Build configuration list for PBXProject "RruleParser" */ = {
			isa = XCConfigurationList;
			buildConfigurations = (
				4BF7C14B14B36B7600EA8786 /* Debug */,
				4BF7C14C14B36B7600EA8786 /* Release */,
			);
			defaultConfigurationIsVisible = 0;
			defaultConfigurationName = Release;
		};
		4BF7C14D14B36B7600EA8786 /* Build configuration list for PBXNativeTarget "RruleParser" */ = {
			isa = XCConfigurationList;
			buildConfigurations = (
				4BF7C14E14B36B7600EA8786 /* Debug */,
				4BF7C14F14B36B7600EA8786 /* Release */,
			);
			defaultConfigurationIsVisible = 0;
			defaultConfigurationName = Release;
		};
		4BF7C15014B36B7600EA8786 /* Build configuration list for PBXNativeTarget "RruleParserTests" */ = {
			isa = XCConfigurationList;
			buildConfigurations = (
				4BF7C15114B36B7600EA8786 /* Debug */,
				4BF7C15214B36B7600EA8786 /* Release */,
			);
			defaultConfigurationIsVisible = 0;
			defaultConfigurationName = Release;
		};
/* End XCConfigurationList section */
	};
	rootObject = 4BF7C10E14B36B7400EA8786 /* Project object */;
}
